{
    "_meta": {
        "hash": {
            "sha256": "1141a2f0a1101875b7c77cd0770d5a2f0929fc78dbe2873e9b697eec773d06d4"
        },
        "pipfile-spec": 6,
        "requires": {
            "python_version": "3.9"
        },
        "sources": [
            {
                "name": "pypi",
                "url": "https://pypi.org/simple",
                "verify_ssl": true
            }
        ]
    },
    "default": {
        "line-profiler": {
            "hashes": [
                "sha256:0c717a9c08255da9f79595330f20502a32806ba96823716b8a42b26ee7b0f183",
                "sha256:13df519e1cdf63e16325ec6cab1f441c8b588dc6148dfdd92e99f44521dc74e8",
                "sha256:17b8d03ab7f09af40140ec9e616d1b6dfa9b90495bd2d65a0a47052a147274bc",
                "sha256:1b69c751b6619d36f3870512840e0190b9d19f76fb09183ce3274c69544ab959",
                "sha256:20233371c4abf160358dbbf0702228d9dd72c66682eb284651db3a76d6d1e9f0",
                "sha256:25930cb6d4a72f2f2e238bd80d0a875ec79ee98910be0aa969c7ca45ec68efb1",
                "sha256:2d5de461e7ff4662b8c32a8328974e6e0ad433e1dc2e596c7105d8a8ffcc6dc4",
                "sha256:2ea6ce644513bb53047c3081702371869a54ffafb2cb523c6c6b6589da623764",
                "sha256:3917f4d5a01ea297b0474898f51c5dd1a7df4806ffc019da28d04089fc4e0896",
                "sha256:3a5b6287752468c4548fae267dbb0f6ccb5db5d16c8828886e1ef29ffdfa9e2d",
                "sha256:3c00208161aa03f220df57c5a7eaa734332221d64b91cea5c45d4405a1d1f056",
                "sha256:3d675732d221b5a4bfe48f57bd0ed2f759ad919e650890f4f5f1cf6536c1bc23",
                "sha256:4086531248ca399fecace5a2fb1c6e0723e07d72406b123f1f9ff91d0519ac7c",
                "sha256:409e32944176d4004df4308cc37674c1e48ea7444918c129edf5da68ded305c6",
                "sha256:4b680c3746a585df81e8200d28a94bfef9c7ae0748752012c90ddb4e5ca51440",
                "sha256:532604be45bcf1f581d9784350d7b5775b15565bf1355905edd4892aa601b40d",
                "sha256:691c66477ed832141e76359d5b25db97d04cf9620fbce6a84de1989eb0d3a2fe",
                "sha256:71b939326d3d385372c5891900afc06e65eacdc108b28da006f59f4fee937c61",
                "sha256:7ee3e8df7ee4fa6ce12010adf4a5938862367b7d903614568abae307ffa46062",
                "sha256:7fbe8a7e9f38721020ce3fcb73567dc862735c9a138458477840b4fb03440153",
                "sha256:801fd7f357e8fc6910441e0b26fad311a6e81b2d34b90b64ba4be3bc366ff193",
                "sha256:82b02a7b18b307258bed445dd13ab351e53737cb7fe212a5670d98f4271b4b69",
                "sha256:861ccf4981867ee44e381bcfffff98c1572ba055903d52d7eb4b345c66e992e8",
                "sha256:8971a6ccd7f0ffda45f30ca39b55877c455fc020308336093d6e468352436196",
                "sha256:8d2280cf96644137b8033f74e712f8bce80c509f08c8a64546b795905b035066",
                "sha256:916ba4f353fe0c6edf44394d02de8ea4e6bd5225e3c8c876a6879e8c61fec36a",
                "sha256:93407999338a446b682cd2203b09d3c461e96ba5ab7b98900b3e43c51ca50986",
                "sha256:9a26590d701aebc8ce80930e623596b16cf03db44ae6845b956559b51b1f4d8f",
                "sha256:9ef1acc35f8ffa8b4027963c1f596bfd7b2b279eecb8cbb0c662befeb09fc443",
                "sha256:9efc10ac7ff16f8fe9f1ce6a0a783db2e3f617d5916f8d58a41f6afb13841694",
                "sha256:a9102ddec1008faf4861f72ed4ec1f7a338ffe7230ead5ea7545388f57cbc39a",
                "sha256:b5357eb328b425a4b5ba20e2b70f94d8c6a43b38b968dffe91fc0600a35b0a03",
                "sha256:b54ff0f75736631f2b956c35ce7436519b8b8a40f99909106eb409140ed51190",
                "sha256:b932246545b6108a3bf615d2b0e5a2c905b6f4a127d27608d996a0c6ea0f2b7a",
                "sha256:bf3c88730d8a39a03c536d729f50d78d0947bf836c5809993781c8d730a7a4a2",
                "sha256:c906fa9f8bcbdd3d2e5c8bd3245924c6b0a1563ca2134560d8ba3509723b8ed4",
                "sha256:d38e2e878ba47fc1f9a0e4194c0d4fa034c3c9eb9fbc954c0ccb4046672ed326",
                "sha256:d7b3cb1718bce1d35d40b3ab0bbbd528c67d930f9308622aabeaf2ed26f163ba",
                "sha256:dddd5f2239d716ed471d9b0ae5ecaae612c051e53acc592331dc1e467c630366",
                "sha256:e2b6cbc9ad958c3421df6b57e318bfaa78b9e1697528729e0a0b00d25b4a7c7a",
                "sha256:eaae9d4583160a963ed37850dabb564311fbe90a2a93add52230ece25bd861e4",
                "sha256:ee44195421ccb95f8f039d27d8ec797f3ad25e816c08365302c8b03963a798e6",
                "sha256:ef1e3b30a26e7bc24b4b4f5d0107190a200bee19c0ee0074a06a3389ab578889",
                "sha256:f7f7e3de6dab51209ee1e2efe48e4c832d23d166a349dd37dedb6b0545931171",
                "sha256:ff31ae34e3db3c161321d714106e9d3b9755c231ef1b716539fefc49b2855d21"
            ],
            "index": "pypi",
            "version": "==3.5.1"
        },
        "snakeviz": {
            "hashes": [
                "sha256:0d96c006304f095cb4b3fb7ed98bb866ca35a7ca4ab9020bbc27d295ee4c94d9",
                "sha256:931142dc927101c9a4b6e89bc0577ff1a3d1886b483a04e6af70c31d2c3dce19"
            ],
            "index": "pypi",
            "version": "==2.1.1"
        },
        "tornado": {
            "hashes": [
                "sha256:0a00ff4561e2929a2c37ce706cb8233b7907e0cdc22eab98888aca5dd3775feb",
                "sha256:0d321a39c36e5f2c4ff12b4ed58d41390460f798422c4504e09eb5678e09998c",
                "sha256:1e8225a1070cd8eec59a996c43229fe8f95689cb16e552d130b9793cb570a288",
                "sha256:20241b3cb4f425e971cb0a8e4ffc9b0a861530ae3c52f2b0434e6c1b57e9fd95",
                "sha256:25ad220258349a12ae87ede08a7b04aca51237721f63b1808d39bdb4b2164558",
                "sha256:33892118b165401f291070100d6d09359ca74addda679b60390b09f8ef325ffe",
                "sha256:33c6e81d7bd55b468d2e793517c909b139960b6c790a60b7991b9b6b76fb9791",
                "sha256:3447475585bae2e77ecb832fc0300c3695516a47d46cefa0528181a34c5b9d3d",
                "sha256:34ca2dac9e4d7afb0bed4677512e36a52f09caa6fded70b4e3e1c89dbd92c326",
                "sha256:3e63498f680547ed24d2c71e6497f24bca791aca2fe116dbc2bd0ac7f191691b",
                "sha256:548430be2740e327b3fe0201abe471f314741efcb0067ec4f2d7dcfb4825f3e4",
                "sha256:6196a5c39286cc37c024cd78834fb9345e464525d8991c21e908cc046d1cc02c",
                "sha256:61b32d06ae8a036a6607805e6720ef00a3c98207038444ba7fd3d169cd998910",
                "sha256:6286efab1ed6e74b7028327365cf7346b1d777d63ab30e21a0f4d5b275fc17d5",
                "sha256:65d98939f1a2e74b58839f8c4dab3b6b3c1ce84972ae712be02845e65391ac7c",
                "sha256:66324e4e1beede9ac79e60f88de548da58b1f8ab4b2f1354d8375774f997e6c0",
                "sha256:6c77c9937962577a6a76917845d06af6ab9197702a42e1346d8ae2e76b5e3675",
                "sha256:70dec29e8ac485dbf57481baee40781c63e381bebea080991893cd297742b8fd",
                "sha256:7250a3fa399f08ec9cb3f7b1b987955d17e044f1ade821b32e5f435130250d7f",
                "sha256:748290bf9112b581c525e6e6d3820621ff020ed95af6f17fedef416b27ed564c",
                "sha256:7da13da6f985aab7f6f28debab00c67ff9cbacd588e8477034c0652ac141feea",
                "sha256:8f959b26f2634a091bb42241c3ed8d3cedb506e7c27b8dd5c7b9f745318ddbb6",
                "sha256:9de9e5188a782be6b1ce866e8a51bc76a0fbaa0e16613823fc38e4fc2556ad05",
                "sha256:a48900ecea1cbb71b8c71c620dee15b62f85f7c14189bdeee54966fbd9a0c5bd",
                "sha256:b87936fd2c317b6ee08a5741ea06b9d11a6074ef4cc42e031bc6403f82a32575",
                "sha256:c77da1263aa361938476f04c4b6c8916001b90b2c2fdd92d8d535e1af48fba5a",
                "sha256:cb5ec8eead331e3bb4ce8066cf06d2dfef1bfb1b2a73082dfe8a161301b76e37",
                "sha256:cc0ee35043162abbf717b7df924597ade8e5395e7b66d18270116f8745ceb795",
                "sha256:d14d30e7f46a0476efb0deb5b61343b1526f73ebb5ed84f23dc794bdb88f9d9f",
                "sha256:d371e811d6b156d82aa5f9a4e08b58debf97c302a35714f6f45e35139c332e32",
                "sha256:d3d20ea5782ba63ed13bc2b8c291a053c8d807a8fa927d941bd718468f7b950c",
                "sha256:d3f7594930c423fd9f5d1a76bee85a2c36fd8b4b16921cae7e965f22575e9c01",
                "sha256:dcef026f608f678c118779cd6591c8af6e9b4155c44e0d1bc0c87c036fb8c8c4",
                "sha256:e0791ac58d91ac58f694d8d2957884df8e4e2f6687cdf367ef7eb7497f79eaa2",
                "sha256:e385b637ac3acaae8022e7e47dfa7b83d3620e432e3ecb9a3f7f58f150e50921",
                "sha256:e519d64089b0876c7b467274468709dadf11e41d65f63bba207e04217f47c085",
                "sha256:e7229e60ac41a1202444497ddde70a48d33909e484f96eb0da9baf8dc68541df",
                "sha256:ed3ad863b1b40cd1d4bd21e7498329ccaece75db5a5bf58cd3c9f130843e7102",
                "sha256:f0ba29bafd8e7e22920567ce0d232c26d4d47c8b5cf4ed7b562b5db39fa199c5",
                "sha256:fa2ba70284fa42c2a5ecb35e322e68823288a4251f9ba9cc77be04ae15eada68",
                "sha256:fba85b6cd9c39be262fcd23865652920832b61583de2a2ca907dbd8e8a8c81e5"
            ],
            "markers": "python_version >= '3.5'",
            "version": "==6.1"
        }
    },
    "develop": {}
}
